
Microsoft Visual Studio Solution File, Format Version 12.00
# Visual Studio 15
Project("{FAE04EC0-301F-11D3-BF4B-00C04F79EFBC}") = "Assembly-CSharp", "Assembly-CSharp.csproj", "{FEC5685C-313B-4D2C-E02C-71F067FD420A}"
EndProject
Project("{FAE04EC0-301F-11D3-BF4B-00C04F79EFBC}") = "OccaSoftware.Crosshairs.Editor", "OccaSoftware.Crosshairs.Editor.csproj", "{5FCDBC4E-74F0-1830-D968-B92520B08BA4}"
EndProject
Global
	GlobalSection(SolutionConfigurationPlatforms) = preSolution
		Debug|Any CPU = Debug|Any CPU
		Release|Any CPU = Release|Any CPU
	EndGlobalSection
	GlobalSection(ProjectConfigurationPlatforms) = postSolution
		{FEC5685C-313B-4D2C-E02C-71F067FD420A}.Debug|Any CPU.ActiveCfg = Debug|Any CPU
		{FEC5685C-313B-4D2C-E02C-71F067FD420A}.Debug|Any CPU.Build.0 = Debug|Any CPU
		{FEC5685C-313B-4D2C-E02C-71F067FD420A}.Release|Any CPU.ActiveCfg = Release|Any CPU
		{FEC5685C-313B-4D2C-E02C-71F067FD420A}.Release|Any CPU.Build.0 = Release|Any CPU
		{5FCDBC4E-74F0-1830-D968-B92520B08BA4}.Debug|Any CPU.ActiveCfg = Debug|Any CPU
		{5FCDBC4E-74F0-1830-D968-B92520B08BA4}.Debug|Any CPU.Build.0 = Debug|Any CPU
		{5FCDBC4E-74F0-1830-D968-B92520B08BA4}.Release|Any CPU.ActiveCfg = Release|Any CPU
		{5FCDBC4E-74F0-1830-D968-B92520B08BA4}.Release|Any CPU.Build.0 = Release|Any CPU
	EndGlobalSection
	GlobalSection(SolutionProperties) = preSolution
		HideSolutionNode = FALSE
	EndGlobalSection
EndGlobal
